
Microsoft Visual Studio Solution File, Format Version 12.00
# Visual Studio Version 17
VisualStudioVersion = 17.10.35122.118
MinimumVisualStudioVersion = 10.0.40219.1
Project("{9A19103F-16F7-4668-BE54-9A1E7A4F7556}") = "YA.BlazorGiftSuggestionApp", "YA.BlazorGiftSuggestionApp\YA.BlazorGiftSuggestionApp.csproj", "{D2FF3ED5-6A75-469B-A1FC-1A8F2F3AD175}"
EndProject
Global
	GlobalSection(SolutionConfigurationPlatforms) = preSolution
		Debug|Any CPU = Debug|Any CPU
		Release|Any CPU = Release|Any CPU
	EndGlobalSection
	GlobalSection(ProjectConfigurationPlatforms) = postSolution
		{D2FF3ED5-6A75-469B-A1FC-1A8F2F3AD175}.Debug|Any CPU.ActiveCfg = Debug|Any CPU
		{D2FF3ED5-6A75-469B-A1FC-1A8F2F3AD175}.Debug|Any CPU.Build.0 = Debug|Any CPU
		{D2FF3ED5-6A75-469B-A1FC-1A8F2F3AD175}.Release|Any CPU.ActiveCfg = Release|Any CPU
		{D2FF3ED5-6A75-469B-A1FC-1A8F2F3AD175}.Release|Any CPU.Build.0 = Release|Any CPU
	EndGlobalSection
	GlobalSection(SolutionProperties) = preSolution
		HideSolutionNode = FALSE
	EndGlobalSection
	GlobalSection(ExtensibilityGlobals) = postSolution
		SolutionGuid = {B827DDBD-803E-4F21-BD12-F26B4AA9247B}
	EndGlobalSection
EndGlobal
